
Microsoft Visual Studio Solution File, Format Version 12.00
# Visual Studio Version 17
VisualStudioVersion = 17.7.34221.43
MinimumVisualStudioVersion = 10.0.40219.1
Project("{FAE04EC0-301F-11D3-BF4B-00C04F79EFBC}") = "01. Reverse Strings", "01. Reverse Strings.csproj", "{91676222-4DFF-4169-97F6-CF515A79C82A}"
EndProject
Project("{FAE04EC0-301F-11D3-BF4B-00C04F79EFBC}") = "02. Repeat Strings", "..\02. Repeat Strings\02. Repeat Strings.csproj", "{3CEF4E58-8AF1-4A7B-AF90-1AC698FCCF46}"
EndProject
Project("{FAE04EC0-301F-11D3-BF4B-00C04F79EFBC}") = "03. Substring", "..\03. Substring\03. Substring.csproj", "{360BC42F-11AC-4B7B-817D-34BFD9111538}"
EndProject
Project("{FAE04EC0-301F-11D3-BF4B-00C04F79EFBC}") = "04. Text Filter", "..\04. Text Filter\04. Text Filter.csproj", "{F712DF90-DD95-48FD-B563-BD58FB78B98C}"
EndProject
Project("{FAE04EC0-301F-11D3-BF4B-00C04F79EFBC}") = "05. Digits, Letters and Other", "..\05. Digits, Letters and Other\05. Digits, Letters and Other.csproj", "{C58A6D61-76BD-47FB-B235-37EE76C8D99C}"
EndProject
Global
	GlobalSection(SolutionConfigurationPlatforms) = preSolution
		Debug|Any CPU = Debug|Any CPU
		Release|Any CPU = Release|Any CPU
	EndGlobalSection
	GlobalSection(ProjectConfigurationPlatforms) = postSolution
		{91676222-4DFF-4169-97F6-CF515A79C82A}.Debug|Any CPU.ActiveCfg = Debug|Any CPU
		{91676222-4DFF-4169-97F6-CF515A79C82A}.Debug|Any CPU.Build.0 = Debug|Any CPU
		{91676222-4DFF-4169-97F6-CF515A79C82A}.Release|Any CPU.ActiveCfg = Release|Any CPU
		{91676222-4DFF-4169-97F6-CF515A79C82A}.Release|Any CPU.Build.0 = Release|Any CPU
		{3CEF4E58-8AF1-4A7B-AF90-1AC698FCCF46}.Debug|Any CPU.ActiveCfg = Debug|Any CPU
		{3CEF4E58-8AF1-4A7B-AF90-1AC698FCCF46}.Debug|Any CPU.Build.0 = Debug|Any CPU
		{3CEF4E58-8AF1-4A7B-AF90-1AC698FCCF46}.Release|Any CPU.ActiveCfg = Release|Any CPU
		{3CEF4E58-8AF1-4A7B-AF90-1AC698FCCF46}.Release|Any CPU.Build.0 = Release|Any CPU
		{360BC42F-11AC-4B7B-817D-34BFD9111538}.Debug|Any CPU.ActiveCfg = Debug|Any CPU
		{360BC42F-11AC-4B7B-817D-34BFD9111538}.Debug|Any CPU.Build.0 = Debug|Any CPU
		{360BC42F-11AC-4B7B-817D-34BFD9111538}.Release|Any CPU.ActiveCfg = Release|Any CPU
		{360BC42F-11AC-4B7B-817D-34BFD9111538}.Release|Any CPU.Build.0 = Release|Any CPU
		{F712DF90-DD95-48FD-B563-BD58FB78B98C}.Debug|Any CPU.ActiveCfg = Debug|Any CPU
		{F712DF90-DD95-48FD-B563-BD58FB78B98C}.Debug|Any CPU.Build.0 = Debug|Any CPU
		{F712DF90-DD95-48FD-B563-BD58FB78B98C}.Release|Any CPU.ActiveCfg = Release|Any CPU
		{F712DF90-DD95-48FD-B563-BD58FB78B98C}.Release|Any CPU.Build.0 = Release|Any CPU
		{C58A6D61-76BD-47FB-B235-37EE76C8D99C}.Debug|Any CPU.ActiveCfg = Debug|Any CPU
		{C58A6D61-76BD-47FB-B235-37EE76C8D99C}.Debug|Any CPU.Build.0 = Debug|Any CPU
		{C58A6D61-76BD-47FB-B235-37EE76C8D99C}.Release|Any CPU.ActiveCfg = Release|Any CPU
		{C58A6D61-76BD-47FB-B235-37EE76C8D99C}.Release|Any CPU.Build.0 = Release|Any CPU
	EndGlobalSection
	GlobalSection(SolutionProperties) = preSolution
		HideSolutionNode = FALSE
	EndGlobalSection
	GlobalSection(ExtensibilityGlobals) = postSolution
		SolutionGuid = {EC150B10-78F5-48AB-A2AF-E9900EFCA9DE}
	EndGlobalSection
EndGlobal
